%{
  "castore": {:hex, :castore, "0.1.10", "b01a007416a0ae4188e70b3b306236021b16c11474038ead7aff79dd75538c23", [:mix], [], "hexpm", "a48314e0cb45682db2ea27b8ebfa11bd6fa0a6e21a65e5772ad83ca136ff2665"},
  "mint": {:hex, :mint, "1.3.0", "396b3301102f7b775e103da5a20494b25753aed818d6d6f0ad222a3a018c3600", [:mix], [{:castore, "~> 0.1.0", [hex: :castore, repo: "hexpm", optional: true]}], "hexpm", "a9aac960562e43ca69a77e5176576abfa78b8398cec5543dd4fb4ab0131d5c1e"},
}
